
Microsoft Visual Studio Solution File, Format Version 12.00
# Visual Studio Version 16
VisualStudioVersion = 16.0.29324.140
MinimumVisualStudioVersion = 10.0.40219.1
Project("{9A19103F-16F7-4668-BE54-9A1E7A4F7556}") = "Obuka_Vojnih_Pasa", "Obuka_Vojnih_Pasa\Obuka_Vojnih_Pasa.csproj", "{29671EAA-8F08-4857-9BFE-516F04A84092}"
EndProject
Project("{FAE04EC0-301F-11D3-BF4B-00C04F79EFBC}") = "Tests", "Tests\Tests.csproj", "{B977BD6F-F0CD-42BF-8B69-7E2B522F010B}"
EndProject
Global
	GlobalSection(SolutionConfigurationPlatforms) = preSolution
		Debug|Any CPU = Debug|Any CPU
		Release|Any CPU = Release|Any CPU
	EndGlobalSection
	GlobalSection(ProjectConfigurationPlatforms) = postSolution
		{29671EAA-8F08-4857-9BFE-516F04A84092}.Debug|Any CPU.ActiveCfg = Debug|Any CPU
		{29671EAA-8F08-4857-9BFE-516F04A84092}.Debug|Any CPU.Build.0 = Debug|Any CPU
		{29671EAA-8F08-4857-9BFE-516F04A84092}.Release|Any CPU.ActiveCfg = Release|Any CPU
		{29671EAA-8F08-4857-9BFE-516F04A84092}.Release|Any CPU.Build.0 = Release|Any CPU
		{B977BD6F-F0CD-42BF-8B69-7E2B522F010B}.Debug|Any CPU.ActiveCfg = Debug|Any CPU
		{B977BD6F-F0CD-42BF-8B69-7E2B522F010B}.Debug|Any CPU.Build.0 = Debug|Any CPU
		{B977BD6F-F0CD-42BF-8B69-7E2B522F010B}.Release|Any CPU.ActiveCfg = Release|Any CPU
		{B977BD6F-F0CD-42BF-8B69-7E2B522F010B}.Release|Any CPU.Build.0 = Release|Any CPU
	EndGlobalSection
	GlobalSection(SolutionProperties) = preSolution
		HideSolutionNode = FALSE
	EndGlobalSection
	GlobalSection(ExtensibilityGlobals) = postSolution
		SolutionGuid = {41FE7BF2-18D8-4CDD-9707-9A403FF20231}
	EndGlobalSection
EndGlobal
